
Microsoft Visual Studio Solution File, Format Version 12.00
# Visual Studio 15
VisualStudioVersion = 15.0.27703.2042
MinimumVisualStudioVersion = 10.0.40219.1
Project("{FAE04EC0-301F-11D3-BF4B-00C04F79EFBC}") = "SchadLucas.EzJournal", "src\SchadLucas\EzJournal\App\SchadLucas.EzJournal.App.csproj", "{12CE8A2B-038A-4527-BAC9-66D8736092AA}"
EndProject
Project("{2150E333-8FDC-42A3-9474-1A3956D46DE8}") = "Modules", "Modules", "{3099C9F4-76A2-4A08-8889-CB2734D808CE}"
EndProject
Project("{FAE04EC0-301F-11D3-BF4B-00C04F79EFBC}") = "SchadLucas.EzJournal.Modules.NoteRegister", "src\SchadLucas\EzJournal\Modules\NoteRegister\SchadLucas.EzJournal.Modules.NoteRegister.csproj", "{1CDE5326-09E4-4A86-8EE7-52877D708BAF}"
EndProject
Project("{FAE04EC0-301F-11D3-BF4B-00C04F79EFBC}") = "SchadLucas.EzJournal.Domain", "src\SchadLucas\EzJournal\Domain\SchadLucas.EzJournal.Domain.csproj", "{C6E8699B-E4C4-4E46-9272-7FBD381E8D8C}"
EndProject
Project("{FAE04EC0-301F-11D3-BF4B-00C04F79EFBC}") = "SchadLucas.EzJournal.Modules.Root", "src\SchadLucas\EzJournal\Modules\Root\SchadLucas.EzJournal.Modules.Root.csproj", "{CA3C1EE3-4F93-43C9-B290-0F7288BA5BE6}"
EndProject
Global
	GlobalSection(SolutionConfigurationPlatforms) = preSolution
		Debug|Any CPU = Debug|Any CPU
		Release|Any CPU = Release|Any CPU
	EndGlobalSection
	GlobalSection(ProjectConfigurationPlatforms) = postSolution
		{12CE8A2B-038A-4527-BAC9-66D8736092AA}.Debug|Any CPU.ActiveCfg = Debug|Any CPU
		{12CE8A2B-038A-4527-BAC9-66D8736092AA}.Debug|Any CPU.Build.0 = Debug|Any CPU
		{12CE8A2B-038A-4527-BAC9-66D8736092AA}.Release|Any CPU.ActiveCfg = Release|Any CPU
		{12CE8A2B-038A-4527-BAC9-66D8736092AA}.Release|Any CPU.Build.0 = Release|Any CPU
		{1CDE5326-09E4-4A86-8EE7-52877D708BAF}.Debug|Any CPU.ActiveCfg = Debug|Any CPU
		{1CDE5326-09E4-4A86-8EE7-52877D708BAF}.Debug|Any CPU.Build.0 = Debug|Any CPU
		{1CDE5326-09E4-4A86-8EE7-52877D708BAF}.Release|Any CPU.ActiveCfg = Release|Any CPU
		{1CDE5326-09E4-4A86-8EE7-52877D708BAF}.Release|Any CPU.Build.0 = Release|Any CPU
		{C6E8699B-E4C4-4E46-9272-7FBD381E8D8C}.Debug|Any CPU.ActiveCfg = Debug|Any CPU
		{C6E8699B-E4C4-4E46-9272-7FBD381E8D8C}.Debug|Any CPU.Build.0 = Debug|Any CPU
		{C6E8699B-E4C4-4E46-9272-7FBD381E8D8C}.Release|Any CPU.ActiveCfg = Release|Any CPU
		{C6E8699B-E4C4-4E46-9272-7FBD381E8D8C}.Release|Any CPU.Build.0 = Release|Any CPU
		{CA3C1EE3-4F93-43C9-B290-0F7288BA5BE6}.Debug|Any CPU.ActiveCfg = Debug|Any CPU
		{CA3C1EE3-4F93-43C9-B290-0F7288BA5BE6}.Debug|Any CPU.Build.0 = Debug|Any CPU
		{CA3C1EE3-4F93-43C9-B290-0F7288BA5BE6}.Release|Any CPU.ActiveCfg = Release|Any CPU
		{CA3C1EE3-4F93-43C9-B290-0F7288BA5BE6}.Release|Any CPU.Build.0 = Release|Any CPU
	EndGlobalSection
	GlobalSection(SolutionProperties) = preSolution
		HideSolutionNode = FALSE
	EndGlobalSection
	GlobalSection(NestedProjects) = preSolution
		{1CDE5326-09E4-4A86-8EE7-52877D708BAF} = {3099C9F4-76A2-4A08-8889-CB2734D808CE}
		{CA3C1EE3-4F93-43C9-B290-0F7288BA5BE6} = {3099C9F4-76A2-4A08-8889-CB2734D808CE}
	EndGlobalSection
	GlobalSection(ExtensibilityGlobals) = postSolution
		SolutionGuid = {60AA1DC9-6E5A-441B-A7F3-6D53B7EE95B8}
	EndGlobalSection
EndGlobal
